// !$*UTF8*$!
{
	"archiveVersion" = 1;
	"classes" = {
	};
	"objectVersion" = 60;
	"objects" = {
		"F58117D5A5E2E2F07B7A5553" = {
			"isa" = "XCLocalSwiftPackageReference";
			"relativePath" = ".";
		};
		"C8295A1A01CED3D190727BF1" = {
			"isa" = "PBXFileReference";
			"lastKnownFileType" = "sourcecode.swift";
			"path" = "Sources/CometApp/AgentChatView.swift";
			"sourceTree" = "<group>";
		};
		"F1325941676E229E72161C8E" = {
			"isa" = "PBXBuildFile";
			"fileRef" = "C8295A1A01CED3D190727BF1";
		};
		"C4ABD47EF10F2FD9F62F2A59" = {
			"isa" = "PBXFileReference";
			"lastKnownFileType" = "sourcecode.swift";
			"path" = "Sources/CometApp/AgentOptionsPopover.swift";
			"sourceTree" = "<group>";
		};
		"67F0900C4F29BE1A6188D64F" = {
			"isa" = "PBXBuildFile";
			"fileRef" = "C4ABD47EF10F2FD9F62F2A59";
		};
		"3FAA345547E9EB730A282822" = {
			"isa" = "PBXFileReference";
			"lastKnownFileType" = "sourcecode.swift";
			"path" = "Sources/CometApp/CometApp.swift";
			"sourceTree" = "<group>";
		};
		"897F07CE08F70BD488E13D02" = {
			"isa" = "PBXBuildFile";
			"fileRef" = "3FAA345547E9EB730A282822";
		};
		"D73F31A2D8737ABB86C43D35" = {
			"isa" = "PBXFileReference";
			"lastKnownFileType" = "sourcecode.swift";
			"path" = "Sources/CometApp/ConnectionManagerView.swift";
			"sourceTree" = "<group>";
		};
		"A7B43CBBBAC5F53514202149" = {
			"isa" = "PBXBuildFile";
			"fileRef" = "D73F31A2D8737ABB86C43D35";
		};
		"8BC3259E92F7C6EE05F15ECA" = {
			"isa" = "PBXFileReference";
			"lastKnownFileType" = "sourcecode.swift";
			"path" = "Sources/CometApp/DisplaySettingsView.swift";
			"sourceTree" = "<group>";
		};
		"CF0A3454A2DD16CA9FAFB585" = {
			"isa" = "PBXBuildFile";
			"fileRef" = "8BC3259E92F7C6EE05F15ECA";
		};
		"91A8936FD9EF20917381D3ED" = {
			"isa" = "PBXFileReference";
			"lastKnownFileType" = "sourcecode.swift";
			"path" = "Sources/CometApp/JigglerSettingsView.swift";
			"sourceTree" = "<group>";
		};
		"7D9ED400E9441C3EE529B3C0" = {
			"isa" = "PBXBuildFile";
			"fileRef" = "91A8936FD9EF20917381D3ED";
		};
		"1DCB73069E5B79BFBD4C96F5" = {
			"isa" = "PBXFileReference";
			"lastKnownFileType" = "sourcecode.swift";
			"path" = "Sources/CometApp/RemoteDisplayView.swift";
			"sourceTree" = "<group>";
		};
		"919806CC27BC4C006310E5B3" = {
			"isa" = "PBXBuildFile";
			"fileRef" = "1DCB73069E5B79BFBD4C96F5";
		};
		"E8759855BCFAC9341DD552C9" = {
			"isa" = "PBXFileReference";
			"lastKnownFileType" = "sourcecode.swift";
			"path" = "Sources/CometApp/SessionView.swift";
			"sourceTree" = "<group>";
		};
		"F63A5B69D599D239FF05EFD4" = {
			"isa" = "PBXBuildFile";
			"fileRef" = "E8759855BCFAC9341DD552C9";
		};
		"BE9BF2566BB59AA03DF66CF9" = {
			"isa" = "PBXFileReference";
			"lastKnownFileType" = "sourcecode.swift";
			"path" = "Sources/CometApp/SettingsView.swift";
			"sourceTree" = "<group>";
		};
		"742B2CA2A75CADA148ED1E87" = {
			"isa" = "PBXBuildFile";
			"fileRef" = "BE9BF2566BB59AA03DF66CF9";
		};
		"3A8052B8F051E374C46D23F0" = {
			"isa" = "PBXGroup";
			"children" = ("C8295A1A01CED3D190727BF1", "C4ABD47EF10F2FD9F62F2A59", "3FAA345547E9EB730A282822", "D73F31A2D8737ABB86C43D35", "8BC3259E92F7C6EE05F15ECA", "91A8936FD9EF20917381D3ED", "1DCB73069E5B79BFBD4C96F5", "E8759855BCFAC9341DD552C9", "BE9BF2566BB59AA03DF66CF9", "F8DE933081D38EA706A53A8D", "99E38A031DA5313CE8FCA26C");
			"name" = "AsteroidKVM";
			"sourceTree" = "<group>";
		};
		"AA31C1689ECDE197F9DFFC16" = {
			"isa" = "PBXFileReference";
			"explicitFileType" = "wrapper.application";
			"path" = "AsteroidKVM.app";
			"sourceTree" = "BUILT_PRODUCTS_DIR";
		};
		"6D572CEB9005447B9E9A5899" = {
			"isa" = "XCSwiftPackageProductDependency";
			"package" = "F58117D5A5E2E2F07B7A5553";
			"productName" = "CometCore";
		};
		"B17B74358E870C538E96524D" = {
			"isa" = "XCSwiftPackageProductDependency";
			"package" = "F58117D5A5E2E2F07B7A5553";
			"productName" = "CometMedia";
		};
		"EC5E7778451F1C220783C935" = {
			"isa" = "XCSwiftPackageProductDependency";
			"package" = "F58117D5A5E2E2F07B7A5553";
			"productName" = "CometAgent";
		};
		"E9A98F0C6E713C98C405917C" = {
			"isa" = "XCSwiftPackageProductDependency";
			"package" = "F58117D5A5E2E2F07B7A5553";
			"productName" = "CometSession";
		};
		"8466FAB0087CB83531985A4F" = {
			"isa" = "PBXBuildFile";
			"productRef" = "6D572CEB9005447B9E9A5899";
		};
		"78FE98C96E509C72D308B3CA" = {
			"isa" = "PBXBuildFile";
			"productRef" = "B17B74358E870C538E96524D";
		};
		"A48A754B89A5E34CA7E3D382" = {
			"isa" = "PBXBuildFile";
			"productRef" = "EC5E7778451F1C220783C935";
		};
		"D0852B3DE5B58AA8C3387D8B" = {
			"isa" = "PBXBuildFile";
			"productRef" = "E9A98F0C6E713C98C405917C";
		};
		"C99F1240DC33CA07A4BA3882" = {
			"isa" = "PBXSourcesBuildPhase";
			"buildActionMask" = 2147483647;
			"files" = ("F1325941676E229E72161C8E", "67F0900C4F29BE1A6188D64F", "897F07CE08F70BD488E13D02", "A7B43CBBBAC5F53514202149", "CF0A3454A2DD16CA9FAFB585", "7D9ED400E9441C3EE529B3C0", "919806CC27BC4C006310E5B3", "F63A5B69D599D239FF05EFD4", "742B2CA2A75CADA148ED1E87");
			"runOnlyForDeploymentPostprocessing" = 0;
		};
		"F12EA19E5CD4069719411A8C" = {
			"isa" = "PBXFrameworksBuildPhase";
			"buildActionMask" = 2147483647;
			"files" = ("8466FAB0087CB83531985A4F", "78FE98C96E509C72D308B3CA", "A48A754B89A5E34CA7E3D382", "D0852B3DE5B58AA8C3387D8B");
			"runOnlyForDeploymentPostprocessing" = 0;
		};
		"F8DE933081D38EA706A53A8D" = {
			"isa" = "PBXFileReference";
			"lastKnownFileType" = "text";
			"path" = "Resources/ThirdPartyNotices.txt";
			"sourceTree" = "<group>";
		};
		"698EABFAA7572B4BC0080605" = {
			"isa" = "PBXBuildFile";
			"fileRef" = "F8DE933081D38EA706A53A8D";
		};
		"99E38A031DA5313CE8FCA26C" = {
			"isa" = "PBXFileReference";
			"lastKnownFileType" = "image.icns";
			"path" = "Resources/AppIcon.icns";
			"sourceTree" = "<group>";
		};
		"88AB45472ADB433A7356367B" = {
			"isa" = "PBXBuildFile";
			"fileRef" = "99E38A031DA5313CE8FCA26C";
		};
		"2AC7AB26953A78AD46B49603" = {
			"isa" = "PBXResourcesBuildPhase";
			"buildActionMask" = 2147483647;
			"files" = ("698EABFAA7572B4BC0080605", "88AB45472ADB433A7356367B");
			"runOnlyForDeploymentPostprocessing" = 0;
		};
		"A8CF73E56896D07F63F6C514" = {
			"isa" = "XCBuildConfiguration";
			"name" = "Debug";
			"buildSettings" = {
				"PRODUCT_BUNDLE_IDENTIFIER" = "app.asteroidkvm.AsteroidKVM";
				"PRODUCT_NAME" = "$(TARGET_NAME)";
				"SWIFT_VERSION" = "5.0";
				"MACOSX_DEPLOYMENT_TARGET" = "14.0";
				"CODE_SIGN_IDENTITY" = "-";
				"CODE_SIGN_STYLE" = "Automatic";
				"GENERATE_INFOPLIST_FILE" = "YES";
				"ENABLE_APP_SANDBOX" = "NO";
				"LD_RUNPATH_SEARCH_PATHS" = ("$(inherited)", "@executable_path/../Frameworks", "@loader_path/../Frameworks");
				"ENABLE_TESTABILITY" = "YES";
				"INFOPLIST_FILE" = "Resources/Info.plist";
				"MARKETING_VERSION" = "1.0.0";
				"CURRENT_PROJECT_VERSION" = "1";
				"INFOPLIST_KEY_CFBundleDisplayName" = "AsteroidKVM";
				"INFOPLIST_KEY_CFBundleName" = "AsteroidKVM";
				"INFOPLIST_KEY_NSMicrophoneUsageDescription" = "Forward your microphone to the computer connected to Comet when you enable microphone forwarding.";
				"INFOPLIST_KEY_LSApplicationCategoryType" = "public.app-category.utilities";
				"INFOPLIST_KEY_NSPrincipalClass" = "NSApplication";
				"INFOPLIST_KEY_NSHighResolutionCapable" = "YES";
				"INFOPLIST_KEY_NSLocalNetworkUsageDescription" = "Connect to your GL.iNet Comet appliances on the local network.";
				"SWIFT_OPTIMIZATION_LEVEL" = "-Onone";
				"DEBUG_INFORMATION_FORMAT" = "dwarf";
				"SWIFT_ACTIVE_COMPILATION_CONDITIONS" = "DEBUG";
				"ONLY_ACTIVE_ARCH" = "YES";
			};
		};
		"01FBFDCC2CC551BDA7F25044" = {
			"isa" = "XCBuildConfiguration";
			"name" = "Release";
			"buildSettings" = {
				"PRODUCT_BUNDLE_IDENTIFIER" = "app.asteroidkvm.AsteroidKVM";
				"PRODUCT_NAME" = "$(TARGET_NAME)";
				"SWIFT_VERSION" = "5.0";
				"MACOSX_DEPLOYMENT_TARGET" = "14.0";
				"CODE_SIGN_IDENTITY" = "-";
				"CODE_SIGN_STYLE" = "Automatic";
				"GENERATE_INFOPLIST_FILE" = "YES";
				"ENABLE_APP_SANDBOX" = "NO";
				"LD_RUNPATH_SEARCH_PATHS" = ("$(inherited)", "@executable_path/../Frameworks", "@loader_path/../Frameworks");
				"ENABLE_TESTABILITY" = "YES";
				"INFOPLIST_FILE" = "Resources/Info.plist";
				"MARKETING_VERSION" = "1.0.0";
				"CURRENT_PROJECT_VERSION" = "1";
				"INFOPLIST_KEY_CFBundleDisplayName" = "AsteroidKVM";
				"INFOPLIST_KEY_CFBundleName" = "AsteroidKVM";
				"INFOPLIST_KEY_NSMicrophoneUsageDescription" = "Forward your microphone to the computer connected to Comet when you enable microphone forwarding.";
				"INFOPLIST_KEY_LSApplicationCategoryType" = "public.app-category.utilities";
				"INFOPLIST_KEY_NSPrincipalClass" = "NSApplication";
				"INFOPLIST_KEY_NSHighResolutionCapable" = "YES";
				"INFOPLIST_KEY_NSLocalNetworkUsageDescription" = "Connect to your GL.iNet Comet appliances on the local network.";
				"SWIFT_OPTIMIZATION_LEVEL" = "-O";
				"DEBUG_INFORMATION_FORMAT" = "dwarf-with-dsym";
			};
		};
		"530F472BADFF1AB6EDEB721E" = {
			"isa" = "XCConfigurationList";
			"buildConfigurations" = ("A8CF73E56896D07F63F6C514", "01FBFDCC2CC551BDA7F25044");
			"defaultConfigurationIsVisible" = 0;
			"defaultConfigurationName" = "Release";
		};
		"370F2713D58F5AFBD8B4D2B2" = {
			"isa" = "PBXNativeTarget";
			"buildConfigurationList" = "530F472BADFF1AB6EDEB721E";
			"buildPhases" = ("C99F1240DC33CA07A4BA3882", "F12EA19E5CD4069719411A8C", "2AC7AB26953A78AD46B49603");
			"buildRules" = ();
			"dependencies" = ();
			"name" = "AsteroidKVM";
			"packageProductDependencies" = ("6D572CEB9005447B9E9A5899", "B17B74358E870C538E96524D", "EC5E7778451F1C220783C935", "E9A98F0C6E713C98C405917C");
			"productName" = "AsteroidKVM";
			"productReference" = "AA31C1689ECDE197F9DFFC16";
			"productType" = "com.apple.product-type.application";
		};
		"49C8D2E3742CEFE67BDCA174" = {
			"isa" = "PBXFileReference";
			"lastKnownFileType" = "sourcecode.swift";
			"path" = "Tests/CometCoreTests/AgentHardwareE2ETests.swift";
			"sourceTree" = "<group>";
		};
		"82B7C2B111C70F603E130B38" = {
			"isa" = "PBXBuildFile";
			"fileRef" = "49C8D2E3742CEFE67BDCA174";
		};
		"84180C1295ABED5C96121431" = {
			"isa" = "PBXFileReference";
			"lastKnownFileType" = "sourcecode.swift";
			"path" = "Tests/CometCoreTests/AgentSecurityTests.swift";
			"sourceTree" = "<group>";
		};
		"4C4D4C08E9918BBC9D0893EC" = {
			"isa" = "PBXBuildFile";
			"fileRef" = "84180C1295ABED5C96121431";
		};
		"3D8779C4E7F8A1F2784CC3FE" = {
			"isa" = "PBXFileReference";
			"lastKnownFileType" = "sourcecode.swift";
			"path" = "Tests/CometCoreTests/AgentTests.swift";
			"sourceTree" = "<group>";
		};
		"9E38EB77AF9A918F404BACF7" = {
			"isa" = "PBXBuildFile";
			"fileRef" = "3D8779C4E7F8A1F2784CC3FE";
		};
		"2BBAB64F5134911C965155A8" = {
			"isa" = "PBXFileReference";
			"lastKnownFileType" = "sourcecode.swift";
			"path" = "Tests/CometCoreTests/EDIDHardwareTests.swift";
			"sourceTree" = "<group>";
		};
		"1E0DDADF7FD41F7A0A708035" = {
			"isa" = "PBXBuildFile";
			"fileRef" = "2BBAB64F5134911C965155A8";
		};
		"3FC7D434125C3E079435D4E4" = {
			"isa" = "PBXFileReference";
			"lastKnownFileType" = "sourcecode.swift";
			"path" = "Tests/CometCoreTests/EDIDTests.swift";
			"sourceTree" = "<group>";
		};
		"ED99C36C51A191D42CDD9506" = {
			"isa" = "PBXBuildFile";
			"fileRef" = "3FC7D434125C3E079435D4E4";
		};
		"1605437A1DACB178CC2D93AC" = {
			"isa" = "PBXFileReference";
			"lastKnownFileType" = "sourcecode.swift";
			"path" = "Tests/CometCoreTests/GeometryAndStorageTests.swift";
			"sourceTree" = "<group>";
		};
		"4028C0F92CF432AB2121BC77" = {
			"isa" = "PBXBuildFile";
			"fileRef" = "1605437A1DACB178CC2D93AC";
		};
		"011F0AD834BD13AC45DD47A0" = {
			"isa" = "PBXFileReference";
			"lastKnownFileType" = "sourcecode.swift";
			"path" = "Tests/CometCoreTests/HardwareE2ETests.swift";
			"sourceTree" = "<group>";
		};
		"4BAC53BF4287AF0D1BB8C43C" = {
			"isa" = "PBXBuildFile";
			"fileRef" = "011F0AD834BD13AC45DD47A0";
		};
		"0A7710DD58150DFD07D0D709" = {
			"isa" = "PBXFileReference";
			"lastKnownFileType" = "sourcecode.swift";
			"path" = "Tests/CometCoreTests/InputTests.swift";
			"sourceTree" = "<group>";
		};
		"4D7A498D1236F3D70582247F" = {
			"isa" = "PBXBuildFile";
			"fileRef" = "0A7710DD58150DFD07D0D709";
		};
		"0EA6ACF9FA671A8EF8A12B4B" = {
			"isa" = "PBXFileReference";
			"lastKnownFileType" = "sourcecode.swift";
			"path" = "Tests/CometCoreTests/LocalWebRTCPeer.swift";
			"sourceTree" = "<group>";
		};
		"314A5134BCF459B8103DE3A7" = {
			"isa" = "PBXBuildFile";
			"fileRef" = "0EA6ACF9FA671A8EF8A12B4B";
		};
		"F37FCBB48859E6A34A05BAA1" = {
			"isa" = "PBXFileReference";
			"lastKnownFileType" = "sourcecode.swift";
			"path" = "Tests/CometCoreTests/MediaTests.swift";
			"sourceTree" = "<group>";
		};
		"F789935ADE445E72319A6D33" = {
			"isa" = "PBXBuildFile";
			"fileRef" = "F37FCBB48859E6A34A05BAA1";
		};
		"CE8BA413CD34F241C99E0B0B" = {
			"isa" = "PBXFileReference";
			"lastKnownFileType" = "sourcecode.swift";
			"path" = "Tests/CometCoreTests/NativeCompositionTests.swift";
			"sourceTree" = "<group>";
		};
		"68D964EE503F3BDD34814822" = {
			"isa" = "PBXBuildFile";
			"fileRef" = "CE8BA413CD34F241C99E0B0B";
		};
		"6A576CCD5BCC2125E70C835D" = {
			"isa" = "PBXFileReference";
			"lastKnownFileType" = "sourcecode.swift";
			"path" = "Tests/CometCoreTests/ProtocolE2ETests.swift";
			"sourceTree" = "<group>";
		};
		"F79D541225961CBA56191D15" = {
			"isa" = "PBXBuildFile";
			"fileRef" = "6A576CCD5BCC2125E70C835D";
		};
		"13BA354DB62D2E65AF146498" = {
			"isa" = "PBXFileReference";
			"lastKnownFileType" = "sourcecode.swift";
			"path" = "Tests/CometCoreTests/RemoteSurfaceLifecycleTests.swift";
			"sourceTree" = "<group>";
		};
		"A38F9BB775E59AD6C92A087B" = {
			"isa" = "PBXBuildFile";
			"fileRef" = "13BA354DB62D2E65AF146498";
		};
		"E00FC5A6FC8217CF8A3573A0" = {
			"isa" = "PBXFileReference";
			"lastKnownFileType" = "sourcecode.swift";
			"path" = "Tests/CometCoreTests/SecurityTests.swift";
			"sourceTree" = "<group>";
		};
		"CDE456D0B9663CA2EB4C11A9" = {
			"isa" = "PBXBuildFile";
			"fileRef" = "E00FC5A6FC8217CF8A3573A0";
		};
		"FF52CE61DAACF416A92DFF8A" = {
			"isa" = "PBXFileReference";
			"lastKnownFileType" = "sourcecode.swift";
			"path" = "Tests/CometCoreTests/TransportSecurityTests.swift";
			"sourceTree" = "<group>";
		};
		"884D5EA1CEDE8735723A19D4" = {
			"isa" = "PBXBuildFile";
			"fileRef" = "FF52CE61DAACF416A92DFF8A";
		};
		"FEDC1618AF439EA1057F85F5" = {
			"isa" = "PBXGroup";
			"children" = ("49C8D2E3742CEFE67BDCA174", "84180C1295ABED5C96121431", "3D8779C4E7F8A1F2784CC3FE", "2BBAB64F5134911C965155A8", "3FC7D434125C3E079435D4E4", "1605437A1DACB178CC2D93AC", "011F0AD834BD13AC45DD47A0", "0A7710DD58150DFD07D0D709", "0EA6ACF9FA671A8EF8A12B4B", "F37FCBB48859E6A34A05BAA1", "CE8BA413CD34F241C99E0B0B", "6A576CCD5BCC2125E70C835D", "13BA354DB62D2E65AF146498", "E00FC5A6FC8217CF8A3573A0", "FF52CE61DAACF416A92DFF8A");
			"name" = "AsteroidKVMCoreTests";
			"sourceTree" = "<group>";
		};
		"BC52D3569E4E80A128F00396" = {
			"isa" = "PBXFileReference";
			"explicitFileType" = "wrapper.cfbundle";
			"path" = "AsteroidKVMCoreTests.xctest";
			"sourceTree" = "BUILT_PRODUCTS_DIR";
		};
		"70FAFED79596022939A5E66C" = {
			"isa" = "XCSwiftPackageProductDependency";
			"package" = "F58117D5A5E2E2F07B7A5553";
			"productName" = "CometCore";
		};
		"8D17F4F1F8A3FD4C7EFE5D53" = {
			"isa" = "XCSwiftPackageProductDependency";
			"package" = "F58117D5A5E2E2F07B7A5553";
			"productName" = "CometMedia";
		};
		"C459E4FB0C950C256C94F6A7" = {
			"isa" = "XCSwiftPackageProductDependency";
			"package" = "F58117D5A5E2E2F07B7A5553";
			"productName" = "CometAgent";
		};
		"17D5F96374EAC85C3C318894" = {
			"isa" = "XCSwiftPackageProductDependency";
			"package" = "F58117D5A5E2E2F07B7A5553";
			"productName" = "CometSession";
		};
		"D245E62E87862FD8CBA720F0" = {
			"isa" = "PBXBuildFile";
			"productRef" = "70FAFED79596022939A5E66C";
		};
		"FE1526FC5E59461C81241D7C" = {
			"isa" = "PBXBuildFile";
			"productRef" = "8D17F4F1F8A3FD4C7EFE5D53";
		};
		"644D7CD6277BCC9BFF406993" = {
			"isa" = "PBXBuildFile";
			"productRef" = "C459E4FB0C950C256C94F6A7";
		};
		"620CB6096580A260AFB23A54" = {
			"isa" = "PBXBuildFile";
			"productRef" = "17D5F96374EAC85C3C318894";
		};
		"3C5673A1737C6961C781543E" = {
			"isa" = "PBXSourcesBuildPhase";
			"buildActionMask" = 2147483647;
			"files" = ("82B7C2B111C70F603E130B38", "4C4D4C08E9918BBC9D0893EC", "9E38EB77AF9A918F404BACF7", "1E0DDADF7FD41F7A0A708035", "ED99C36C51A191D42CDD9506", "4028C0F92CF432AB2121BC77", "4BAC53BF4287AF0D1BB8C43C", "4D7A498D1236F3D70582247F", "314A5134BCF459B8103DE3A7", "F789935ADE445E72319A6D33", "68D964EE503F3BDD34814822", "F79D541225961CBA56191D15", "A38F9BB775E59AD6C92A087B", "CDE456D0B9663CA2EB4C11A9", "884D5EA1CEDE8735723A19D4");
			"runOnlyForDeploymentPostprocessing" = 0;
		};
		"04AEF97F998D1B2F0A82D0DE" = {
			"isa" = "PBXFrameworksBuildPhase";
			"buildActionMask" = 2147483647;
			"files" = ("D245E62E87862FD8CBA720F0", "FE1526FC5E59461C81241D7C", "644D7CD6277BCC9BFF406993", "620CB6096580A260AFB23A54");
			"runOnlyForDeploymentPostprocessing" = 0;
		};
		"61D9BBC9F7B57950C3F1B1B2" = {
			"isa" = "XCBuildConfiguration";
			"name" = "Debug";
			"buildSettings" = {
				"PRODUCT_BUNDLE_IDENTIFIER" = "app.asteroidkvm.AsteroidKVMCoreTests";
				"PRODUCT_NAME" = "$(TARGET_NAME)";
				"SWIFT_VERSION" = "5.0";
				"MACOSX_DEPLOYMENT_TARGET" = "14.0";
				"CODE_SIGN_IDENTITY" = "-";
				"CODE_SIGN_STYLE" = "Automatic";
				"GENERATE_INFOPLIST_FILE" = "YES";
				"ENABLE_APP_SANDBOX" = "NO";
				"LD_RUNPATH_SEARCH_PATHS" = ("$(inherited)", "@executable_path/../Frameworks", "@loader_path/../Frameworks");
				"ENABLE_TESTABILITY" = "YES";
				"SWIFT_OPTIMIZATION_LEVEL" = "-Onone";
				"DEBUG_INFORMATION_FORMAT" = "dwarf";
				"SWIFT_ACTIVE_COMPILATION_CONDITIONS" = "DEBUG";
				"ONLY_ACTIVE_ARCH" = "YES";
			};
		};
		"EB4C1D35B25E19380976AB36" = {
			"isa" = "XCBuildConfiguration";
			"name" = "Release";
			"buildSettings" = {
				"PRODUCT_BUNDLE_IDENTIFIER" = "app.asteroidkvm.AsteroidKVMCoreTests";
				"PRODUCT_NAME" = "$(TARGET_NAME)";
				"SWIFT_VERSION" = "5.0";
				"MACOSX_DEPLOYMENT_TARGET" = "14.0";
				"CODE_SIGN_IDENTITY" = "-";
				"CODE_SIGN_STYLE" = "Automatic";
				"GENERATE_INFOPLIST_FILE" = "YES";
				"ENABLE_APP_SANDBOX" = "NO";
				"LD_RUNPATH_SEARCH_PATHS" = ("$(inherited)", "@executable_path/../Frameworks", "@loader_path/../Frameworks");
				"ENABLE_TESTABILITY" = "YES";
				"SWIFT_OPTIMIZATION_LEVEL" = "-O";
				"DEBUG_INFORMATION_FORMAT" = "dwarf-with-dsym";
			};
		};
		"257174400596069F4E15DDF8" = {
			"isa" = "XCConfigurationList";
			"buildConfigurations" = ("61D9BBC9F7B57950C3F1B1B2", "EB4C1D35B25E19380976AB36");
			"defaultConfigurationIsVisible" = 0;
			"defaultConfigurationName" = "Release";
		};
		"55DB8E8AD9C3E97E28F00328" = {
			"isa" = "PBXNativeTarget";
			"buildConfigurationList" = "257174400596069F4E15DDF8";
			"buildPhases" = ("3C5673A1737C6961C781543E", "04AEF97F998D1B2F0A82D0DE");
			"buildRules" = ();
			"dependencies" = ();
			"name" = "AsteroidKVMCoreTests";
			"packageProductDependencies" = ("70FAFED79596022939A5E66C", "8D17F4F1F8A3FD4C7EFE5D53", "C459E4FB0C950C256C94F6A7", "17D5F96374EAC85C3C318894");
			"productName" = "AsteroidKVMCoreTests";
			"productReference" = "BC52D3569E4E80A128F00396";
			"productType" = "com.apple.product-type.bundle.unit-test";
		};
		"909A6CAA5D8AB54BA54C82E0" = {
			"isa" = "PBXFileReference";
			"lastKnownFileType" = "sourcecode.swift";
			"path" = "Tests/CometUITests/CometUITests.swift";
			"sourceTree" = "<group>";
		};
		"4A01C04F8F8B2CB036A97732" = {
			"isa" = "PBXBuildFile";
			"fileRef" = "909A6CAA5D8AB54BA54C82E0";
		};
		"D2CBD192FAB66F33707006B6" = {
			"isa" = "PBXGroup";
			"children" = ("909A6CAA5D8AB54BA54C82E0");
			"name" = "AsteroidKVMUITests";
			"sourceTree" = "<group>";
		};
		"2C7BA0A40AEFE8E6EB9D0D46" = {
			"isa" = "PBXFileReference";
			"explicitFileType" = "wrapper.cfbundle";
			"path" = "AsteroidKVMUITests.xctest";
			"sourceTree" = "BUILT_PRODUCTS_DIR";
		};
		"8BE8A2893A9801B0B057888F" = {
			"isa" = "PBXSourcesBuildPhase";
			"buildActionMask" = 2147483647;
			"files" = ("4A01C04F8F8B2CB036A97732");
			"runOnlyForDeploymentPostprocessing" = 0;
		};
		"7622F597942F16D0D58BCA41" = {
			"isa" = "PBXFrameworksBuildPhase";
			"buildActionMask" = 2147483647;
			"files" = ();
			"runOnlyForDeploymentPostprocessing" = 0;
		};
		"3DDD014B50A4CB7CB4B4C5A6" = {
			"isa" = "PBXContainerItemProxy";
			"containerPortal" = "F6F4DA8D93E88A08220E03B7";
			"proxyType" = 1;
			"remoteGlobalIDString" = "370F2713D58F5AFBD8B4D2B2";
			"remoteInfo" = "AsteroidKVM";
		};
		"6176B977F600F04EFDE7793A" = {
			"isa" = "PBXTargetDependency";
			"target" = "370F2713D58F5AFBD8B4D2B2";
			"targetProxy" = "3DDD014B50A4CB7CB4B4C5A6";
		};
		"183B213A0F5A7C67EEBB4177" = {
			"isa" = "XCBuildConfiguration";
			"name" = "Debug";
			"buildSettings" = {
				"PRODUCT_BUNDLE_IDENTIFIER" = "app.asteroidkvm.AsteroidKVMUITests";
				"PRODUCT_NAME" = "$(TARGET_NAME)";
				"SWIFT_VERSION" = "5.0";
				"MACOSX_DEPLOYMENT_TARGET" = "14.0";
				"CODE_SIGN_IDENTITY" = "-";
				"CODE_SIGN_STYLE" = "Automatic";
				"GENERATE_INFOPLIST_FILE" = "YES";
				"ENABLE_APP_SANDBOX" = "NO";
				"LD_RUNPATH_SEARCH_PATHS" = ("$(inherited)", "@executable_path/../Frameworks", "@loader_path/../Frameworks");
				"ENABLE_TESTABILITY" = "YES";
				"TEST_TARGET_NAME" = "AsteroidKVM";
				"SWIFT_OPTIMIZATION_LEVEL" = "-Onone";
				"DEBUG_INFORMATION_FORMAT" = "dwarf";
				"SWIFT_ACTIVE_COMPILATION_CONDITIONS" = "DEBUG";
				"ONLY_ACTIVE_ARCH" = "YES";
			};
		};
		"7EB5018CBE37044291FA78EA" = {
			"isa" = "XCBuildConfiguration";
			"name" = "Release";
			"buildSettings" = {
				"PRODUCT_BUNDLE_IDENTIFIER" = "app.asteroidkvm.AsteroidKVMUITests";
				"PRODUCT_NAME" = "$(TARGET_NAME)";
				"SWIFT_VERSION" = "5.0";
				"MACOSX_DEPLOYMENT_TARGET" = "14.0";
				"CODE_SIGN_IDENTITY" = "-";
				"CODE_SIGN_STYLE" = "Automatic";
				"GENERATE_INFOPLIST_FILE" = "YES";
				"ENABLE_APP_SANDBOX" = "NO";
				"LD_RUNPATH_SEARCH_PATHS" = ("$(inherited)", "@executable_path/../Frameworks", "@loader_path/../Frameworks");
				"ENABLE_TESTABILITY" = "YES";
				"TEST_TARGET_NAME" = "AsteroidKVM";
				"SWIFT_OPTIMIZATION_LEVEL" = "-O";
				"DEBUG_INFORMATION_FORMAT" = "dwarf-with-dsym";
			};
		};
		"89372AC2BD03CB7BC51B19CC" = {
			"isa" = "XCConfigurationList";
			"buildConfigurations" = ("183B213A0F5A7C67EEBB4177", "7EB5018CBE37044291FA78EA");
			"defaultConfigurationIsVisible" = 0;
			"defaultConfigurationName" = "Release";
		};
		"AD3A50AF68E84DC2A4FA461C" = {
			"isa" = "PBXNativeTarget";
			"buildConfigurationList" = "89372AC2BD03CB7BC51B19CC";
			"buildPhases" = ("8BE8A2893A9801B0B057888F", "7622F597942F16D0D58BCA41");
			"buildRules" = ();
			"dependencies" = ("6176B977F600F04EFDE7793A");
			"name" = "AsteroidKVMUITests";
			"packageProductDependencies" = ();
			"productName" = "AsteroidKVMUITests";
			"productReference" = "2C7BA0A40AEFE8E6EB9D0D46";
			"productType" = "com.apple.product-type.bundle.ui-testing";
		};
		"FE0A091FDBFB3E9C31B7A1BD" = {
			"isa" = "PBXGroup";
			"children" = ("AA31C1689ECDE197F9DFFC16", "BC52D3569E4E80A128F00396", "2C7BA0A40AEFE8E6EB9D0D46");
			"name" = "Products";
			"sourceTree" = "<group>";
		};
		"2EB2D8158FC6EF9EB19CB439" = {
			"isa" = "PBXGroup";
			"children" = ("3A8052B8F051E374C46D23F0", "FEDC1618AF439EA1057F85F5", "D2CBD192FAB66F33707006B6", "FE0A091FDBFB3E9C31B7A1BD");
			"sourceTree" = "<group>";
		};
		"BFD315016DE16320F7E2120C" = {
			"isa" = "XCBuildConfiguration";
			"name" = "Debug";
			"buildSettings" = {
				"SDKROOT" = "macosx";
				"CLANG_ENABLE_MODULES" = "YES";
				"SWIFT_VERSION" = "5.0";
				"MACOSX_DEPLOYMENT_TARGET" = "14.0";
				"SWIFT_OPTIMIZATION_LEVEL" = "-Onone";
				"DEBUG_INFORMATION_FORMAT" = "dwarf";
				"SWIFT_ACTIVE_COMPILATION_CONDITIONS" = "DEBUG";
				"ONLY_ACTIVE_ARCH" = "YES";
			};
		};
		"1D8C0C6B1D22EA8C7669B263" = {
			"isa" = "XCBuildConfiguration";
			"name" = "Release";
			"buildSettings" = {
				"SDKROOT" = "macosx";
				"CLANG_ENABLE_MODULES" = "YES";
				"SWIFT_VERSION" = "5.0";
				"MACOSX_DEPLOYMENT_TARGET" = "14.0";
				"SWIFT_OPTIMIZATION_LEVEL" = "-O";
				"DEBUG_INFORMATION_FORMAT" = "dwarf-with-dsym";
			};
		};
		"5D7731714D3E69D68AA8D7ED" = {
			"isa" = "XCConfigurationList";
			"buildConfigurations" = ("BFD315016DE16320F7E2120C", "1D8C0C6B1D22EA8C7669B263");
			"defaultConfigurationIsVisible" = 0;
			"defaultConfigurationName" = "Release";
		};
		"F6F4DA8D93E88A08220E03B7" = {
			"isa" = "PBXProject";
			"attributes" = {
				"LastUpgradeCheck" = "2660";
				"BuildIndependentTargetsInParallel" = "YES";
			};
			"buildConfigurationList" = "5D7731714D3E69D68AA8D7ED";
			"compatibilityVersion" = "Xcode 15.0";
			"developmentRegion" = "en";
			"hasScannedForEncodings" = 0;
			"knownRegions" = ("en", "Base");
			"mainGroup" = "2EB2D8158FC6EF9EB19CB439";
			"packageReferences" = ("F58117D5A5E2E2F07B7A5553");
			"productRefGroup" = "FE0A091FDBFB3E9C31B7A1BD";
			"projectDirPath" = "";
			"projectRoot" = "";
			"targets" = ("370F2713D58F5AFBD8B4D2B2", "55DB8E8AD9C3E97E28F00328", "AD3A50AF68E84DC2A4FA461C");
		};
	};
	"rootObject" = "F6F4DA8D93E88A08220E03B7";
}
